// !$*UTF8*$!
{
	archiveVersion = 1;
	classes = {
	};
	objectVersion = 50;
	objects = {

/* Begin PBXBuildFile section */
		554CE9F82483E10300AEDB35 /* AppDelegate.swift in Sources */ = {isa = PBXBuildFile; fileRef = 554CE9F72483E10300AEDB35 /* AppDelegate.swift */; };
		554CE9FA2483E10300AEDB35 /* SceneDelegate.swift in Sources */ = {isa = PBXBuildFile; fileRef = 554CE9F92483E10300AEDB35 /* SceneDelegate.swift */; };
		554CE9FC2483E10300AEDB35 /* LoginAndPassViewController.swift in Sources */ = {isa = PBXBuildFile; fileRef = 554CE9FB2483E10300AEDB35 /* LoginAndPassViewController.swift */; };
		554CE9FF2483E10300AEDB35 /* Main.storyboard in Resources */ = {isa = PBXBuildFile; fileRef = 554CE9FD2483E10300AEDB35 /* Main.storyboard */; };
		554CEA012483E12000AEDB35 /* Assets.xcassets in Resources */ = {isa = PBXBuildFile; fileRef = 554CEA002483E12000AEDB35 /* Assets.xcassets */; };
		554CEA042483E12000AEDB35 /* LaunchScreen.storyboard in Resources */ = {isa = PBXBuildFile; fileRef = 554CEA022483E12000AEDB35 /* LaunchScreen.storyboard */; };
/* End PBXBuildFile section */

/* Begin PBXFileReference section */
		554CE9F42483E10300AEDB35 /* Simple_Segue_App.app */ = {isa = PBXFileReference; explicitFileType = wrapper.application; includeInIndex = 0; path = Simple_Segue_App.app; sourceTree = BUILT_PRODUCTS_DIR; };
		554CE9F72483E10300AEDB35 /* AppDelegate.swift */ = {isa = PBXFileReference; lastKnownFileType = sourcecode.swift; path = AppDelegate.swift; sourceTree = "<group>"; };
		554CE9F92483E10300AEDB35 /* SceneDelegate.swift */ = {isa = PBXFileReference; lastKnownFileType = sourcecode.swift; path = SceneDelegate.swift; sourceTree = "<group>"; };
		554CE9FB2483E10300AEDB35 /* LoginAndPassViewController.swift */ = {isa = PBXFileReference; lastKnownFileType = sourcecode.swift; path = LoginAndPassViewController.swift; sourceTree = "<group>"; };
		554CE9FE2483E10300AEDB35 /* Base */ = {isa = PBXFileReference; lastKnownFileType = file.storyboard; name = Base; path = Base.lproj/Main.storyboard; sourceTree = "<group>"; };
		554CEA002483E12000AEDB35 /* Assets.xcassets */ = {isa = PBXFileReference; lastKnownFileType = folder.assetcatalog; path = Assets.xcassets; sourceTree = "<group>"; };
		554CEA032483E12000AEDB35 /* Base */ = {isa = PBXFileReference; lastKnownFileType = file.storyboard; name = Base; path = Base.lproj/LaunchScreen.storyboard; sourceTree = "<group>"; };
		554CEA052483E12000AEDB35 /* Info.plist */ = {isa = PBXFileReference; lastKnownFileType = text.plist.xml; path = Info.plist; sourceTree = "<group>"; };
/* End PBXFileReference section */

/* Begin PBXFrameworksBuildPhase section */
		554CE9F12483E10300AEDB35 /* Frameworks */ = {
			isa = PBXFrameworksBuildPhase;
			buildActionMask = 2147483647;
			files = (
			);
			runOnlyForDeploymentPostprocessing = 0;
		};
/* End PBXFrameworksBuildPhase section */

/* Begin PBXGroup section */
		554CE9EB2483E10300AEDB35 = {
			isa = PBXGroup;
			children = (
				554CE9F62483E10300AEDB35 /* Simple_Segue_App */,
				554CE9F52483E10300AEDB35 /* Products */,
			);
			sourceTree = "<group>";
		};
		554CE9F52483E10300AEDB35 /* Products */ = {
			isa = PBXGroup;
			children = (
				554CE9F42483E10300AEDB35 /* Simple_Segue_App.app */,
			);
			name = Products;
			sourceTree = "<group>";
		};
		554CE9F62483E10300AEDB35 /* Simple_Segue_App */ = {
			isa = PBXGroup;
			children = (
				554CEA052483E12000AEDB35 /* Info.plist */,
				554CEA0B2483E23E00AEDB35 /* ViewControllers */,
				554CEA0F2483E31E00AEDB35 /* Models */,
				554CEA0E2483E2FC00AEDB35 /* Storyboard */,
				554CEA0D2483E2BE00AEDB35 /* SupportingFiles */,
				554CEA0C2483E2A300AEDB35 /* Sources */,
			);
			path = Simple_Segue_App;
			sourceTree = "<group>";
		};
		554CEA0B2483E23E00AEDB35 /* ViewControllers */ = {
			isa = PBXGroup;
			children = (
				554CE9FB2483E10300AEDB35 /* LoginAndPassViewController.swift */,
			);
			path = ViewControllers;
			sourceTree = "<group>";
		};
		554CEA0C2483E2A300AEDB35 /* Sources */ = {
			isa = PBXGroup;
			children = (
				554CEA002483E12000AEDB35 /* Assets.xcassets */,
			);
			path = Sources;
			sourceTree = "<group>";
		};
		554CEA0D2483E2BE00AEDB35 /* SupportingFiles */ = {
			isa = PBXGroup;
			children = (
				554CE9F72483E10300AEDB35 /* AppDelegate.swift */,
				554CE9F92483E10300AEDB35 /* SceneDelegate.swift */,
			);
			path = SupportingFiles;
			sourceTree = "<group>";
		};
		554CEA0E2483E2FC00AEDB35 /* Storyboard */ = {
			isa = PBXGroup;
			children = (
				554CE9FD2483E10300AEDB35 /* Main.storyboard */,
				554CEA022483E12000AEDB35 /* LaunchScreen.storyboard */,
			);
			path = Storyboard;
			sourceTree = "<group>";
		};
		554CEA0F2483E31E00AEDB35 /* Models */ = {
			isa = PBXGroup;
			children = (
			);
			path = Models;
			sourceTree = "<group>";
		};
/* End PBXGroup section */

/* Begin PBXNativeTarget section */
		554CE9F32483E10300AEDB35 /* Simple_Segue_App */ = {
			isa = PBXNativeTarget;
			buildConfigurationList = 554CEA082483E12000AEDB35 /* Build configuration list for PBXNativeTarget "Simple_Segue_App" */;
			buildPhases = (
				554CE9F02483E10300AEDB35 /* Sources */,
				554CE9F12483E10300AEDB35 /* Frameworks */,
				554CE9F22483E10300AEDB35 /* Resources */,
			);
			buildRules = (
			);
			dependencies = (
			);
			name = Simple_Segue_App;
			productName = Simple_Segue_App;
			productReference = 554CE9F42483E10300AEDB35 /* Simple_Segue_App.app */;
			productType = "com.apple.product-type.application";
		};
/* End PBXNativeTarget section */

/* Begin PBXProject section */
		554CE9EC2483E10300AEDB35 /* Project object */ = {
			isa = PBXProject;
			attributes = {
				LastSwiftUpdateCheck = 1140;
				LastUpgradeCheck = 1140;
				ORGANIZATIONNAME = Andrey;
				TargetAttributes = {
					554CE9F32483E10300AEDB35 = {
						CreatedOnToolsVersion = 11.4;
					};
				};
			};
			buildConfigurationList = 554CE9EF2483E10300AEDB35 /* Build configuration list for PBXProject "Simple_Segue_App" */;
			compatibilityVersion = "Xcode 9.3";
			developmentRegion = en;
			hasScannedForEncodings = 0;
			knownRegions = (
				en,
				Base,
			);
			mainGroup = 554CE9EB2483E10300AEDB35;
			productRefGroup = 554CE9F52483E10300AEDB35 /* Products */;
			projectDirPath = "";
			projectRoot = "";
			targets = (
				554CE9F32483E10300AEDB35 /* Simple_Segue_App */,
			);
		};
/* End PBXProject section */

/* Begin PBXResourcesBuildPhase section */
		554CE9F22483E10300AEDB35 /* Resources */ = {
			isa = PBXResourcesBuildPhase;
			buildActionMask = 2147483647;
			files = (
				554CEA042483E12000AEDB35 /* LaunchScreen.storyboard in Resources */,
				554CEA012483E12000AEDB35 /* Assets.xcassets in Resources */,
				554CE9FF2483E10300AEDB35 /* Main.storyboard in Resources */,
			);
			runOnlyForDeploymentPostprocessing = 0;
		};
/* End PBXResourcesBuildPhase section */

/* Begin PBXSourcesBuildPhase section */
		554CE9F02483E10300AEDB35 /* Sources */ = {
			isa = PBXSourcesBuildPhase;
			buildActionMask = 2147483647;
			files = (
				554CE9FC2483E10300AEDB35 /* LoginAndPassViewController.swift in Sources */,
				554CE9F82483E10300AEDB35 /* AppDelegate.swift in Sources */,
				554CE9FA2483E10300AEDB35 /* SceneDelegate.swift in Sources */,
			);
			runOnlyForDeploymentPostprocessing = 0;
		};
/* End PBXSourcesBuildPhase section */

/* Begin PBXVariantGroup section */
		554CE9FD2483E10300AEDB35 /* Main.storyboard */ = {
			isa = PBXVariantGroup;
			children = (
				554CE9FE2483E10300AEDB35 /* Base */,
			);
			name = Main.storyboard;
			sourceTree = "<group>";
		};
		554CEA022483E12000AEDB35 /* LaunchScreen.storyboard */ = {
			isa = PBXVariantGroup;
			children = (
				554CEA032483E12000AEDB35 /* Base */,
			);
			name = LaunchScreen.storyboard;
			sourceTree = "<group>";
		};
/* End PBXVariantGroup section */

/* Begin XCBuildConfiguration section */
		554CEA062483E12000AEDB35 /* Debug */ = {
			isa = XCBuildConfiguration;
			buildSettings = {
				ALWAYS_SEARCH_USER_PATHS = NO;
				CLANG_ANALYZER_NONNULL = YES;
				CLANG_ANALYZER_NUMBER_OBJECT_CONVERSION = YES_AGGRESSIVE;
				CLANG_CXX_LANGUAGE_STANDARD = "gnu++14";
				CLANG_CXX_LIBRARY = "libc++";
				CLANG_ENABLE_MODULES = YES;
				CLANG_ENABLE_OBJC_ARC = YES;
				CLANG_ENABLE_OBJC_WEAK = YES;
				CLANG_WARN_BLOCK_CAPTURE_AUTORELEASING = YES;
				CLANG_WARN_BOOL_CONVERSION = YES;
				CLANG_WARN_COMMA = YES;
				CLANG_WARN_CONSTANT_CONVERSION = YES;
				CLANG_WARN_DEPRECATED_OBJC_IMPLEMENTATIONS = YES;
				CLANG_WARN_DIRECT_OBJC_ISA_USAGE = YES_ERROR;
				CLANG_WARN_DOCUMENTATION_COMMENTS = YES;
				CLANG_WARN_EMPTY_BODY = YES;
				CLANG_WARN_ENUM_CONVERSION = YES;
				CLANG_WARN_INFINITE_RECURSION = YES;
				CLANG_WARN_INT_CONVERSION = YES;
				CLANG_WARN_NON_LITERAL_NULL_CONVERSION = YES;
				CLANG_WARN_OBJC_IMPLICIT_RETAIN_SELF = YES;
				CLANG_WARN_OBJC_LITERAL_CONVERSION = YES;
				CLANG_WARN_OBJC_ROOT_CLASS = YES_ERROR;
				CLANG_WARN_RANGE_LOOP_ANALYSIS = YES;
				CLANG_WARN_STRICT_PROTOTYPES = YES;
				CLANG_WARN_SUSPICIOUS_MOVE = YES;
				CLANG_WARN_UNGUARDED_AVAILABILITY = YES_AGGRESSIVE;
				CLANG_WARN_UNREACHABLE_CODE = YES;
				CLANG_WARN__DUPLICATE_METHOD_MATCH = YES;
				COPY_PHASE_STRIP = NO;
				DEBUG_INFORMATION_FORMAT = dwarf;
				ENABLE_STRICT_OBJC_MSGSEND = YES;
				ENABLE_TESTABILITY = YES;
				GCC_C_LANGUAGE_STANDARD = gnu11;
				GCC_DYNAMIC_NO_PIC = NO;
				GCC_NO_COMMON_BLOCKS = YES;
				GCC_OPTIMIZATION_LEVEL = 0;
				GCC_PREPROCESSOR_DEFINITIONS = (
					"DEBUG=1",
					"$(inherited)",
				);
				GCC_WARN_64_TO_32_BIT_CONVERSION = YES;
				GCC_WARN_ABOUT_RETURN_TYPE = YES_ERROR;
				GCC_WARN_UNDECLARED_SELECTOR = YES;
				GCC_WARN_UNINITIALIZED_AUTOS = YES_AGGRESSIVE;
				GCC_WARN_UNUSED_FUNCTION = YES;
				GCC_WARN_UNUSED_VARIABLE = YES;
				IPHONEOS_DEPLOYMENT_TARGET = 13.4;
				MTL_ENABLE_DEBUG_INFO = INCLUDE_SOURCE;
				MTL_FAST_MATH = YES;
				ONLY_ACTIVE_ARCH = YES;
				SDKROOT = iphoneos;
				SWIFT_ACTIVE_COMPILATION_CONDITIONS = DEBUG;
				SWIFT_OPTIMIZATION_LEVEL = "-Onone";
			};
			name = Debug;
		};
		554CEA072483E12000AEDB35 /* Release */ = {
			isa = XCBuildConfiguration;
			buildSettings = {
				ALWAYS_SEARCH_USER_PATHS = NO;
				CLANG_ANALYZER_NONNULL = YES;
				CLANG_ANALYZER_NUMBER_OBJECT_CONVERSION = YES_AGGRESSIVE;
				CLANG_CXX_LANGUAGE_STANDARD = "gnu++14";
				CLANG_CXX_LIBRARY = "libc++";
				CLANG_ENABLE_MODULES = YES;
				CLANG_ENABLE_OBJC_ARC = YES;
				CLANG_ENABLE_OBJC_WEAK = YES;
				CLANG_WARN_BLOCK_CAPTURE_AUTORELEASING = YES;
				CLANG_WARN_BOOL_CONVERSION = YES;
				CLANG_WARN_COMMA = YES;
				CLANG_WARN_CONSTANT_CONVERSION = YES;
				CLANG_WARN_DEPRECATED_OBJC_IMPLEMENTATIONS = YES;
				CLANG_WARN_DIRECT_OBJC_ISA_USAGE = YES_ERROR;
				CLANG_WARN_DOCUMENTATION_COMMENTS = YES;
				CLANG_WARN_EMPTY_BODY = YES;
				CLANG_WARN_ENUM_CONVERSION = YES;
				CLANG_WARN_INFINITE_RECURSION = YES;
				CLANG_WARN_INT_CONVERSION = YES;
				CLANG_WARN_NON_LITERAL_NULL_CONVERSION = YES;
				CLANG_WARN_OBJC_IMPLICIT_RETAIN_SELF = YES;
				CLANG_WARN_OBJC_LITERAL_CONVERSION = YES;
				CLANG_WARN_OBJC_ROOT_CLASS = YES_ERROR;
				CLANG_WARN_RANGE_LOOP_ANALYSIS = YES;
				CLANG_WARN_STRICT_PROTOTYPES = YES;
				CLANG_WARN_SUSPICIOUS_MOVE = YES;
				CLANG_WARN_UNGUARDED_AVAILABILITY = YES_AGGRESSIVE;
				CLANG_WARN_UNREACHABLE_CODE = YES;
				CLANG_WARN__DUPLICATE_METHOD_MATCH = YES;
				COPY_PHASE_STRIP = NO;
				DEBUG_INFORMATION_FORMAT = "dwarf-with-dsym";
				ENABLE_NS_ASSERTIONS = NO;
				ENABLE_STRICT_OBJC_MSGSEND = YES;
				GCC_C_LANGUAGE_STANDARD = gnu11;
				GCC_NO_COMMON_BLOCKS = YES;
				GCC_WARN_64_TO_32_BIT_CONVERSION = YES;
				GCC_WARN_ABOUT_RETURN_TYPE = YES_ERROR;
				GCC_WARN_UNDECLARED_SELECTOR = YES;
				GCC_WARN_UNINITIALIZED_AUTOS = YES_AGGRESSIVE;
				GCC_WARN_UNUSED_FUNCTION = YES;
				GCC_WARN_UNUSED_VARIABLE = YES;
				IPHONEOS_DEPLOYMENT_TARGET = 13.4;
				MTL_ENABLE_DEBUG_INFO = NO;
				MTL_FAST_MATH = YES;
				SDKROOT = iphoneos;
				SWIFT_COMPILATION_MODE = wholemodule;
				SWIFT_OPTIMIZATION_LEVEL = "-O";
				VALIDATE_PRODUCT = YES;
			};
			name = Release;
		};
		554CEA092483E12000AEDB35 /* Debug */ = {
			isa = XCBuildConfiguration;
			buildSettings = {
				ASSETCATALOG_COMPILER_APPICON_NAME = AppIcon;
				CODE_SIGN_STYLE = Automatic;
				DEVELOPMENT_TEAM = 8BMP8HX9Y5;
				INFOPLIST_FILE = Simple_Segue_App/Info.plist;
				IPHONEOS_DEPLOYMENT_TARGET = 13.5;
				LD_RUNPATH_SEARCH_PATHS = (
					"$(inherited)",
					"@executable_path/Frameworks",
				);
				PRODUCT_BUNDLE_IDENTIFIER = "Kryukov.Simple-Segue-App";
				PRODUCT_NAME = "$(TARGET_NAME)";
				SWIFT_VERSION = 5.0;
				TARGETED_DEVICE_FAMILY = "1,2";
			};
			name = Debug;
		};
		554CEA0A2483E12000AEDB35 /* Release */ = {
			isa = XCBuildConfiguration;
			buildSettings = {
				ASSETCATALOG_COMPILER_APPICON_NAME = AppIcon;
				CODE_SIGN_STYLE = Automatic;
				DEVELOPMENT_TEAM = 8BMP8HX9Y5;
				INFOPLIST_FILE = Simple_Segue_App/Info.plist;
				IPHONEOS_DEPLOYMENT_TARGET = 13.5;
				LD_RUNPATH_SEARCH_PATHS = (
					"$(inherited)",
					"@executable_path/Frameworks",
				);
				PRODUCT_BUNDLE_IDENTIFIER = "Kryukov.Simple-Segue-App";
				PRODUCT_NAME = "$(TARGET_NAME)";
				SWIFT_VERSION = 5.0;
				TARGETED_DEVICE_FAMILY = "1,2";
			};
			name = Release;
		};
/* End XCBuildConfiguration section */

/* Begin XCConfigurationList section */
		554CE9EF2483E10300AEDB35 /* Build configuration list for PBXProject "Simple_Segue_App" */ = {
			isa = XCConfigurationList;
			buildConfigurations = (
				554CEA062483E12000AEDB35 /* Debug */,
				554CEA072483E12000AEDB35 /* Release */,
			);
			defaultConfigurationIsVisible = 0;
			defaultConfigurationName = Release;
		};
		554CEA082483E12000AEDB35 /* Build configuration list for PBXNativeTarget "Simple_Segue_App" */ = {
			isa = XCConfigurationList;
			buildConfigurations = (
				554CEA092483E12000AEDB35 /* Debug */,
				554CEA0A2483E12000AEDB35 /* Release */,
			);
			defaultConfigurationIsVisible = 0;
			defaultConfigurationName = Release;
		};
/* End XCConfigurationList section */
	};
	rootObject = 554CE9EC2483E10300AEDB35 /* Project object */;
}
